
Microsoft Visual Studio Solution File, Format Version 12.00
# Visual Studio Version 17
VisualStudioVersion = 17.14.36623.8 d17.14
MinimumVisualStudioVersion = 10.0.40219.1
Project("{FAE04EC0-301F-11D3-BF4B-00C04F79EFBC}") = "GestionPharmacie", "GestionPharmacie\GestionPharmacie.csproj", "{10872EE4-522B-4644-B78E-E05C37F7A5ED}"
EndProject
Global
	GlobalSection(SolutionConfigurationPlatforms) = preSolution
		Debug|Any CPU = Debug|Any CPU
		Release|Any CPU = Release|Any CPU
	EndGlobalSection
	GlobalSection(ProjectConfigurationPlatforms) = postSolution
		{10872EE4-522B-4644-B78E-E05C37F7A5ED}.Debug|Any CPU.ActiveCfg = Debug|Any CPU
		{10872EE4-522B-4644-B78E-E05C37F7A5ED}.Debug|Any CPU.Build.0 = Debug|Any CPU
		{10872EE4-522B-4644-B78E-E05C37F7A5ED}.Release|Any CPU.ActiveCfg = Release|Any CPU
		{10872EE4-522B-4644-B78E-E05C37F7A5ED}.Release|Any CPU.Build.0 = Release|Any CPU
	EndGlobalSection
	GlobalSection(SolutionProperties) = preSolution
		HideSolutionNode = FALSE
	EndGlobalSection
	GlobalSection(ExtensibilityGlobals) = postSolution
		SolutionGuid = {33BD1438-3371-42D2-B2C0-6E5CB4289CF9}
	EndGlobalSection
EndGlobal
